
Microsoft Visual Studio Solution File, Format Version 12.00
# Visual Studio Version 17
VisualStudioVersion = 17.8.34525.116
MinimumVisualStudioVersion = 10.0.40219.1
Project("{9A19103F-16F7-4668-BE54-9A1E7A4F7556}") = "Evs.Phoenix.Utils.OpenTelemetry.ThreadLeak.App", "Evs.Phoenix.Utils.Opentelemetry.ThreadLeak.App\Evs.Phoenix.Utils.OpenTelemetry.ThreadLeak.App.csproj", "{5278EE57-DDB4-45F3-8636-2B3D7D264EB2}"
EndProject
Global
	GlobalSection(SolutionConfigurationPlatforms) = preSolution
		Debug|Any CPU = Debug|Any CPU
		Release|Any CPU = Release|Any CPU
	EndGlobalSection
	GlobalSection(ProjectConfigurationPlatforms) = postSolution
		{5278EE57-DDB4-45F3-8636-2B3D7D264EB2}.Debug|Any CPU.ActiveCfg = Debug|Any CPU
		{5278EE57-DDB4-45F3-8636-2B3D7D264EB2}.Debug|Any CPU.Build.0 = Debug|Any CPU
		{5278EE57-DDB4-45F3-8636-2B3D7D264EB2}.Release|Any CPU.ActiveCfg = Release|Any CPU
		{5278EE57-DDB4-45F3-8636-2B3D7D264EB2}.Release|Any CPU.Build.0 = Release|Any CPU
	EndGlobalSection
	GlobalSection(SolutionProperties) = preSolution
		HideSolutionNode = FALSE
	EndGlobalSection
	GlobalSection(ExtensibilityGlobals) = postSolution
		SolutionGuid = {822B02CD-8095-4048-A171-5CAA83C22BBC}
	EndGlobalSection
EndGlobal
